{
  "name": "admin-kv",
  "lockfileVersion": 3,
  "requires": true,
  "packages": {
    "": {
      "dependencies": {
        "grapesjs-blocks-basic": "^1.0.2",
        "grapesjs-plugin-forms": "^2.0.6",
        "grapesjs-preset-newsletter": "^1.0.2",
        "grapesjs-preset-webpage": "^1.0.3",
        "grapesjs-tailwind": "^1.0.13"
      }
    },
    "node_modules/grapesjs-blocks-basic": {
      "version": "1.0.2",
      "resolved": "https://registry.npmjs.org/grapesjs-blocks-basic/-/grapesjs-blocks-basic-1.0.2.tgz",
      "integrity": "sha512-SsPKf/CvQkZ+kABOsN01auAPHXh/2J20g0AWYF7fHR3Gw3TZLtdIxT1mk90Qzi76u/7sUYi3CTI+i3ZaTtXHRA==",
      "license": "BSD-3-Clause"
    },
    "node_modules/grapesjs-plugin-forms": {
      "version": "2.0.6",
      "resolved": "https://registry.npmjs.org/grapesjs-plugin-forms/-/grapesjs-plugin-forms-2.0.6.tgz",
      "integrity": "sha512-4rDob01NLiJWas5JW1FCpQc/4R4oS4wc/qr7pQwjGUiDzHNPKZLix10FqUKEv7hnzPmBaR2ejBL87sMwz11Tlw==",
      "license": "BSD-3-Clause"
    },
    "node_modules/grapesjs-preset-newsletter": {
      "version": "1.0.2",
      "resolved": "https://registry.npmjs.org/grapesjs-preset-newsletter/-/grapesjs-preset-newsletter-1.0.2.tgz",
      "integrity": "sha512-z8KJ1ZrTXfASSJZ/tHOcnpcWu4AMr2F/ZfQit+QjimNi3UGowwl7+Yjefuh3R7lbDTrXMMaxhCannCaJo/kPJw==",
      "license": "BSD-3-Clause"
    },
    "node_modules/grapesjs-preset-webpage": {
      "version": "1.0.3",
      "resolved": "https://registry.npmjs.org/grapesjs-preset-webpage/-/grapesjs-preset-webpage-1.0.3.tgz",
      "integrity": "sha512-C0VOKLAdhv0j1f81c6F2uk3JpJvxgXl5DeHUtDa5qGf/HZzaCmQxsvd8Re3Oh5Cah4uUCqoi9uB5FYx3hLND2w==",
      "license": "BSD-3-Clause"
    },
    "node_modules/grapesjs-tailwind": {
      "version": "1.0.13",
      "resolved": "https://registry.npmjs.org/grapesjs-tailwind/-/grapesjs-tailwind-1.0.13.tgz",
      "integrity": "sha512-goTp1xBwkmSVucbI67w+cLvjJmvh3mGWac3O6ebYbi3ENKzUq1HYetLI7cFMJIjBbI01O1LwTOh08/ifHeeYHg==",
      "license": "MIT"
    }
  }
}
